
Microsoft Visual Studio Solution File, Format Version 12.00
# Visual Studio 2012
Project("{FAE04EC0-301F-11D3-BF4B-00C04F79EFBC}") = "webcalculator", "webcalculator\webcalculator.csproj", "{BE4B203C-30D0-4CF3-AB72-B14BC7B99BBF}"
EndProject
Global
	GlobalSection(SolutionConfigurationPlatforms) = preSolution
		Debug|Any CPU = Debug|Any CPU
		Release|Any CPU = Release|Any CPU
	EndGlobalSection
	GlobalSection(ProjectConfigurationPlatforms) = postSolution
		{BE4B203C-30D0-4CF3-AB72-B14BC7B99BBF}.Debug|Any CPU.ActiveCfg = Debug|Any CPU
		{BE4B203C-30D0-4CF3-AB72-B14BC7B99BBF}.Debug|Any CPU.Build.0 = Debug|Any CPU
		{BE4B203C-30D0-4CF3-AB72-B14BC7B99BBF}.Release|Any CPU.ActiveCfg = Release|Any CPU
		{BE4B203C-30D0-4CF3-AB72-B14BC7B99BBF}.Release|Any CPU.Build.0 = Release|Any CPU
	EndGlobalSection
	GlobalSection(SolutionProperties) = preSolution
		HideSolutionNode = FALSE
	EndGlobalSection
EndGlobal
